
Microsoft Visual Studio Solution File, Format Version 12.00
# Visual Studio 15
VisualStudioVersion = 15.0.27130.2026
MinimumVisualStudioVersion = 10.0.40219.1
Project("{FAE04EC0-301F-11D3-BF4B-00C04F79EFBC}") = "Intro", "Intro\Intro.csproj", "{14970CBA-E161-45B3-85C8-087C7BD8471F}"
EndProject
Project("{FAE04EC0-301F-11D3-BF4B-00C04F79EFBC}") = "Types_Variables", "Types_Variables\Types_Variables.csproj", "{1F22FE77-B9A2-4DD0-89CE-7C12C527E987}"
EndProject
Project("{FAE04EC0-301F-11D3-BF4B-00C04F79EFBC}") = "Operators", "Operators\Operators.csproj", "{A854CF4A-7D88-4F06-96EC-87AFEE301953}"
EndProject
Project("{FAE04EC0-301F-11D3-BF4B-00C04F79EFBC}") = "Conditional", "Conditional\Conditional.csproj", "{D0AF173F-8F19-4D21-B751-EA1453A1B203}"
EndProject
Global
	GlobalSection(SolutionConfigurationPlatforms) = preSolution
		Debug|Any CPU = Debug|Any CPU
		Release|Any CPU = Release|Any CPU
	EndGlobalSection
	GlobalSection(ProjectConfigurationPlatforms) = postSolution
		{14970CBA-E161-45B3-85C8-087C7BD8471F}.Debug|Any CPU.ActiveCfg = Debug|Any CPU
		{14970CBA-E161-45B3-85C8-087C7BD8471F}.Debug|Any CPU.Build.0 = Debug|Any CPU
		{14970CBA-E161-45B3-85C8-087C7BD8471F}.Release|Any CPU.ActiveCfg = Release|Any CPU
		{14970CBA-E161-45B3-85C8-087C7BD8471F}.Release|Any CPU.Build.0 = Release|Any CPU
		{1F22FE77-B9A2-4DD0-89CE-7C12C527E987}.Debug|Any CPU.ActiveCfg = Debug|Any CPU
		{1F22FE77-B9A2-4DD0-89CE-7C12C527E987}.Debug|Any CPU.Build.0 = Debug|Any CPU
		{1F22FE77-B9A2-4DD0-89CE-7C12C527E987}.Release|Any CPU.ActiveCfg = Release|Any CPU
		{1F22FE77-B9A2-4DD0-89CE-7C12C527E987}.Release|Any CPU.Build.0 = Release|Any CPU
		{A854CF4A-7D88-4F06-96EC-87AFEE301953}.Debug|Any CPU.ActiveCfg = Debug|Any CPU
		{A854CF4A-7D88-4F06-96EC-87AFEE301953}.Debug|Any CPU.Build.0 = Debug|Any CPU
		{A854CF4A-7D88-4F06-96EC-87AFEE301953}.Release|Any CPU.ActiveCfg = Release|Any CPU
		{A854CF4A-7D88-4F06-96EC-87AFEE301953}.Release|Any CPU.Build.0 = Release|Any CPU
		{D0AF173F-8F19-4D21-B751-EA1453A1B203}.Debug|Any CPU.ActiveCfg = Debug|Any CPU
		{D0AF173F-8F19-4D21-B751-EA1453A1B203}.Debug|Any CPU.Build.0 = Debug|Any CPU
		{D0AF173F-8F19-4D21-B751-EA1453A1B203}.Release|Any CPU.ActiveCfg = Release|Any CPU
		{D0AF173F-8F19-4D21-B751-EA1453A1B203}.Release|Any CPU.Build.0 = Release|Any CPU
	EndGlobalSection
	GlobalSection(SolutionProperties) = preSolution
		HideSolutionNode = FALSE
	EndGlobalSection
	GlobalSection(ExtensibilityGlobals) = postSolution
		SolutionGuid = {9479743F-21C9-4C02-A10E-85AF4AE41B1B}
	EndGlobalSection
EndGlobal
